
Microsoft Visual Studio Solution File, Format Version 12.00
# Visual Studio 14
VisualStudioVersion = 14.0.25123.0
MinimumVisualStudioVersion = 10.0.40219.1
Project("{7A3E72E2-7009-45F3-ABAF-E48730AFF81D}") = "Sitecore.Support.302462", "Sitecore.Support.302462\Sitecore.Support.302462.csproj", "{DDCA0C50-09E6-49EE-A80D-78CC593FAFF1}"
EndProject
Global
	GlobalSection(SolutionConfigurationPlatforms) = preSolution
		Debug|Any CPU = Debug|Any CPU
		Release|Any CPU = Release|Any CPU
	EndGlobalSection
	GlobalSection(ProjectConfigurationPlatforms) = postSolution
		{DDCA0C50-09E6-49EE-A80D-78CC593FAFF1}.Debug|Any CPU.ActiveCfg = Debug|Any CPU
		{DDCA0C50-09E6-49EE-A80D-78CC593FAFF1}.Debug|Any CPU.Build.0 = Debug|Any CPU
		{DDCA0C50-09E6-49EE-A80D-78CC593FAFF1}.Release|Any CPU.ActiveCfg = Release|Any CPU
		{DDCA0C50-09E6-49EE-A80D-78CC593FAFF1}.Release|Any CPU.Build.0 = Release|Any CPU
	EndGlobalSection
	GlobalSection(SolutionProperties) = preSolution
		HideSolutionNode = FALSE
	EndGlobalSection
EndGlobal
